Microsoft Visual Studio Solution File, Format Version 12.00
# Visual Studio Version 17
VisualStudioVersion = 17.5.2.0
MinimumVisualStudioVersion = 10.0.40219.1
Project("{FAE04EC0-301F-11D3-BF4B-00C04F79EFBC}") = "Application-1", "Application-1\Application-1.csproj", "{8FFB0F8D-295B-A340-95C8-1999D959C4AF}"
EndProject
Global
	GlobalSection(SolutionConfigurationPlatforms) = preSolution
		Debug|Any CPU = Debug|Any CPU
		Release|Any CPU = Release|Any CPU
	EndGlobalSection
	GlobalSection(ProjectConfigurationPlatforms) = postSolution
		{8FFB0F8D-295B-A340-95C8-1999D959C4AF}.Debug|Any CPU.ActiveCfg = Debug|Any CPU
		{8FFB0F8D-295B-A340-95C8-1999D959C4AF}.Debug|Any CPU.Build.0 = Debug|Any CPU
		{8FFB0F8D-295B-A340-95C8-1999D959C4AF}.Release|Any CPU.ActiveCfg = Release|Any CPU
		{8FFB0F8D-295B-A340-95C8-1999D959C4AF}.Release|Any CPU.Build.0 = Release|Any CPU
	EndGlobalSection
	GlobalSection(SolutionProperties) = preSolution
		HideSolutionNode = FALSE
	EndGlobalSection
	GlobalSection(ExtensibilityGlobals) = postSolution
		SolutionGuid = {EDE5CCB8-0B71-4E22-89DE-675BE818D10D}
	EndGlobalSection
EndGlobal
